{
  "name": "preact-scenejs",
  "version": "1.1.0",
  "lockfileVersion": 1,
  "requires": true,
  "dependencies": {
    "@babel/code-frame": {
      "version": "7.0.0",
      "resolved": "https://registry.npmjs.org/@babel/code-frame/-/code-frame-7.0.0.tgz",
      "integrity": "sha512-OfC2uemaknXr87bdLUkWog7nYuliM9Ij5HUcajsVcMCpQrcLmtxRbVFTIqmcSkSeYRBFBRxs2FiUqFJDLdiebA==",
      "dev": true,
      "requires": {
        "@babel/highlight": "^7.0.0"
      }
    },
    "@babel/generator": {
      "version": "7.4.4",
      "resolved": "https://registry.npmjs.org/@babel/generator/-/generator-7.4.4.tgz",
      "integrity": "sha512-53UOLK6TVNqKxf7RUh8NE851EHRxOOeVXKbK2bivdb+iziMyk03Sr4eaE9OELCbyZAAafAKPDwF2TPUES5QbxQ==",
      "dev": true,
      "requires": {
        "@babel/types": "^7.4.4",
        "jsesc": "^2.5.1",
        "lodash": "^4.17.11",
        "source-map": "^0.5.0",
        "trim-right": "^1.0.1"
      }
    },
    "@babel/helper-function-name": {
      "version": "7.1.0",
      "resolved": "https://registry.npmjs.org/@babel/helper-function-name/-/helper-function-name-7.1.0.tgz",
      "integrity": "sha512-A95XEoCpb3TO+KZzJ4S/5uW5fNe26DjBGqf1o9ucyLyCmi1dXq/B3c8iaWTfBk3VvetUxl16e8tIrd5teOCfGw==",
      "dev": true,
      "requires": {
        "@babel/helper-get-function-arity": "^7.0.0",
        "@babel/template": "^7.1.0",
        "@babel/types": "^7.0.0"
      }
    },
    "@babel/helper-get-function-arity": {
      "version": "7.0.0",
      "resolved": "https://registry.npmjs.org/@babel/helper-get-function-arity/-/helper-get-function-arity-7.0.0.tgz",
      "integrity": "sha512-r2DbJeg4svYvt3HOS74U4eWKsUAMRH01Z1ds1zx8KNTPtpTL5JAsdFv8BNyOpVqdFhHkkRDIg5B4AsxmkjAlmQ==",
      "dev": true,
      "requires": {
        "@babel/types": "^7.0.0"
      }
    },
    "@babel/helper-split-export-declaration": {
      "version": "7.4.4",
      "resolved": "https://registry.npmjs.org/@babel/helper-split-export-declaration/-/helper-split-export-declaration-7.4.4.tgz",
      "integrity": "sha512-Ro/XkzLf3JFITkW6b+hNxzZ1n5OQ80NvIUdmHspih1XAhtN3vPTuUFT4eQnela+2MaZ5ulH+iyP513KJrxbN7Q==",
      "dev": true,
      "requires": {
        "@babel/types": "^7.4.4"
      }
    },
    "@babel/highlight": {
      "version": "7.0.0",
      "resolved": "https://registry.npmjs.org/@babel/highlight/-/highlight-7.0.0.tgz",
      "integrity": "sha512-UFMC4ZeFC48Tpvj7C8UgLvtkaUuovQX+5xNWrsIoMG8o2z+XFKjKaN9iVmS84dPwVN00W4wPmqvYoZF3EGAsfw==",
      "dev": true,
      "requires": {
        "chalk": "^2.0.0",
        "esutils": "^2.0.2",
        "js-tokens": "^4.0.0"
      }
    },
    "@babel/parser": {
      "version": "7.4.5",
      "resolved": "https://registry.npmjs.org/@babel/parser/-/parser-7.4.5.tgz",
      "integrity": "sha512-9mUqkL1FF5T7f0WDFfAoDdiMVPWsdD1gZYzSnaXsxUCUqzuch/8of9G3VUSNiZmMBoRxT3neyVsqeiL/ZPcjew==",
      "dev": true
    },
    "@babel/template": {
      "version": "7.4.4",
      "resolved": "https://registry.npmjs.org/@babel/template/-/template-7.4.4.tgz",
      "integrity": "sha512-CiGzLN9KgAvgZsnivND7rkA+AeJ9JB0ciPOD4U59GKbQP2iQl+olF1l76kJOupqidozfZ32ghwBEJDhnk9MEcw==",
      "dev": true,
      "requires": {
        "@babel/code-frame": "^7.0.0",
        "@babel/parser": "^7.4.4",
        "@babel/types": "^7.4.4"
      }
    },
    "@babel/traverse": {
      "version": "7.4.5",
      "resolved": "https://registry.npmjs.org/@babel/traverse/-/traverse-7.4.5.tgz",
      "integrity": "sha512-Vc+qjynwkjRmIFGxy0KYoPj4FdVDxLej89kMHFsWScq999uX+pwcX4v9mWRjW0KcAYTPAuVQl2LKP1wEVLsp+A==",
      "dev": true,
      "requires": {
        "@babel/code-frame": "^7.0.0",
        "@babel/generator": "^7.4.4",
        "@babel/helper-function-name": "^7.1.0",
        "@babel/helper-split-export-declaration": "^7.4.4",
        "@babel/parser": "^7.4.5",
        "@babel/types": "^7.4.4",
        "debug": "^4.1.0",
        "globals": "^11.1.0",
        "lodash": "^4.17.11"
      }
    },
    "@babel/types": {
      "version": "7.4.4",
      "resolved": "https://registry.npmjs.org/@babel/types/-/types-7.4.4.tgz",
      "integrity": "sha512-dOllgYdnEFOebhkKCjzSVFqw/PmmB8pH6RGOWkY4GsboQNd47b1fBThBSwlHAq9alF9vc1M3+6oqR47R50L0tQ==",
      "dev": true,
      "requires": {
        "esutils": "^2.0.2",
        "lodash": "^4.17.11",
        "to-fast-properties": "^2.0.0"
      }
    },
    "@daybrush/builder": {
      "version": "0.1.1",
      "resolved": "https://registry.npmjs.org/@daybrush/builder/-/builder-0.1.1.tgz",
      "integrity": "sha512-btgTbn4wf/TbAqfjAtk4PQQmStiRce9ZPvQiMlHBbB9MeK6zLIAC7RwFNch0mGA8mzTFWE3EfRoSyhM4IWUyxg==",
      "dev": true,
      "requires": {
        "@daybrush/rollup-plugin-prototype-minify": "^1.1.2",
        "rollup": "^1.7.4",
        "rollup-plugin-commonjs": "^9.3.4",
        "rollup-plugin-node-resolve": "^4.0.1",
        "rollup-plugin-prototype-minify": "^1.0.5",
        "rollup-plugin-replace": "^2.1.1",
        "rollup-plugin-typescript": "^1.0.1",
        "rollup-plugin-uglify": "^6.0.2",
        "rollup-plugin-visualizer": "^1.1.0"
      }
    },
    "@daybrush/rollup-plugin-prototype-minify": {
      "version": "1.1.2",
      "resolved": "https://registry.npmjs.org/@daybrush/rollup-plugin-prototype-minify/-/rollup-plugin-prototype-minify-1.1.2.tgz",
      "integrity": "sha512-mrIzM0unFQ6jXv/jJtHiwmQg/2zF4GsuEyFiKd3G9Wl26gMM8b4H55wMzAXRzBTnZLVEagTz4MvNVO758uZf8A==",
      "dev": true,
      "requires": {
        "prototype-minify": "^1.0.0"
      }
    },
    "@daybrush/utils": {
      "version": "0.10.0",
      "resolved": "https://registry.npmjs.org/@daybrush/utils/-/utils-0.10.0.tgz",
      "integrity": "sha512-Rwy4w0eLd6JwMNOQX7c6UQ3a4407wE3i6A1K4pXqcMJ2AJw/+t3XXpKkrIaSmFqtp0jwXFSxReyv4iV3wsq2vQ=="
    },
    "@scenejs/effects": {
      "version": "0.1.0",
      "resolved": "https://registry.npmjs.org/@scenejs/effects/-/effects-0.1.0.tgz",
      "integrity": "sha512-dCiJJ0z3wvdW1t1c+0kxLiZk1cg51U3Xj1DQhnGXOIMyv+ry4ZtiZa8g0dbCp7D25/+0TkowZzDfhxCfKWZDRQ==",
      "dev": true,
      "requires": {
        "@daybrush/utils": "^0.10.0",
        "scenejs": "^1.0.0"
      }
    },
    "@types/estree": {
      "version": "0.0.39",
      "resolved": "https://registry.npmjs.org/@types/estree/-/estree-0.0.39.tgz",
      "integrity": "sha512-EYNwp3bU+98cpU4lAWYYL7Zz+2gryWH1qbdDTidVd6hkiR6weksdbMadyXKXNPEkQFhXM+hVO9ZygomHXp+AIw==",
      "dev": true
    },
    "@types/node": {
      "version": "12.0.4",
      "resolved": "https://registry.npmjs.org/@types/node/-/node-12.0.4.tgz",
      "integrity": "sha512-j8YL2C0fXq7IONwl/Ud5Kt0PeXw22zGERt+HSSnwbKOJVsAGkEz3sFCYwaF9IOuoG1HOtE0vKCj6sXF7Q0+Vaw==",
      "dev": true
    },
    "@types/resolve": {
      "version": "0.0.8",
      "resolved": "https://registry.npmjs.org/@types/resolve/-/resolve-0.0.8.tgz",
      "integrity": "sha512-auApPaJf3NPfe18hSoJkp8EbZzer2ISk7o8mCC3M9he/a04+gbMF97NkpD2S8riMGvm4BMRI59/SZQSaLTKpsQ==",
      "dev": true,
      "requires": {
        "@types/node": "*"
      }
    },
    "acorn": {
      "version": "6.1.1",
      "resolved": "https://registry.npmjs.org/acorn/-/acorn-6.1.1.tgz",
      "integrity": "sha512-jPTiwtOxaHNaAPg/dmrJ/beuzLRnXtB0kQPQ8JpotKJgTB6rX6c8mlf315941pyjBSaPg8NHXS9fhP4u17DpGA==",
      "dev": true
    },
    "ansi-styles": {
      "version": "3.2.1",
      "resolved": "https://registry.npmjs.org/ansi-styles/-/ansi-styles-3.2.1.tgz",
      "integrity": "sha512-VT0ZI6kZRdTh8YyJw3SMbYm/u+NqfsAxEpWO0Pf9sq8/e94WxxOpPKx9FR1FlyCtOVDNOQ+8ntlqFxiRc+r5qA==",
      "dev": true,
      "requires": {
        "color-convert": "^1.9.0"
      }
    },
    "builtin-modules": {
      "version": "3.1.0",
      "resolved": "https://registry.npmjs.org/builtin-modules/-/builtin-modules-3.1.0.tgz",
      "integrity": "sha512-k0KL0aWZuBt2lrxrcASWDfwOLMnodeQjodT/1SxEQAXsHANgo6ZC/VEaSEHCXt7aSTZ4/4H5LKa+tBXmW7Vtvw==",
      "dev": true
    },
    "chalk": {
      "version": "2.4.2",
      "resolved": "https://registry.npmjs.org/chalk/-/chalk-2.4.2.tgz",
      "integrity": "sha512-Mti+f9lpJNcwF4tWV8/OrTTtF1gZi+f8FqlyAdouralcFWFQWF2+NgCHShjkCb+IFBLq9buZwE1xckQU4peSuQ==",
      "dev": true,
      "requires": {
        "ansi-styles": "^3.2.1",
        "escape-string-regexp": "^1.0.5",
        "supports-color": "^5.3.0"
      }
    },
    "color-convert": {
      "version": "1.9.3",
      "resolved": "https://registry.npmjs.org/color-convert/-/color-convert-1.9.3.tgz",
      "integrity": "sha512-QfAUtd+vFdAtFQcC8CCyYt1fYWxSqAiK2cSD6zDB8N3cpsEBAvRxp9zOGg6G/SHHJYAT88/az/IuDGALsNVbGg==",
      "dev": true,
      "requires": {
        "color-name": "1.1.3"
      }
    },
    "color-name": {
      "version": "1.1.3",
      "resolved": "https://registry.npmjs.org/color-name/-/color-name-1.1.3.tgz",
      "integrity": "sha1-p9BVi9icQveV3UIyj3QIMcpTvCU=",
      "dev": true
    },
    "commander": {
      "version": "2.20.0",
      "resolved": "https://registry.npmjs.org/commander/-/commander-2.20.0.tgz",
      "integrity": "sha512-7j2y+40w61zy6YC2iRNpUe/NwhNyoXrYpHMrSunaMG64nRnaf96zO/KMQR4OyN/UnE5KLyEBnKHd4aG3rskjpQ==",
      "dev": true
    },
    "core-util-is": {
      "version": "1.0.2",
      "resolved": "https://registry.npmjs.org/core-util-is/-/core-util-is-1.0.2.tgz",
      "integrity": "sha1-tf1UIgqivFq1eqtxQMlAdUUDwac=",
      "dev": true
    },
    "debug": {
      "version": "4.1.1",
      "resolved": "https://registry.npmjs.org/debug/-/debug-4.1.1.tgz",
      "integrity": "sha512-pYAIzeRo8J6KPEaJ0VWOh5Pzkbw/RetuzehGM7QRRX5he4fPHx2rdKMB256ehJCkX+XRQm16eZLqLNS8RSZXZw==",
      "dev": true,
      "requires": {
        "ms": "^2.1.1"
      }
    },
    "escape-string-regexp": {
      "version": "1.0.5",
      "resolved": "https://registry.npmjs.org/escape-string-regexp/-/escape-string-regexp-1.0.5.tgz",
      "integrity": "sha1-G2HAViGQqN/2rjuyzwIAyhMLhtQ=",
      "dev": true
    },
    "estree-walker": {
      "version": "0.6.1",
      "resolved": "https://registry.npmjs.org/estree-walker/-/estree-walker-0.6.1.tgz",
      "integrity": "sha512-SqmZANLWS0mnatqbSfRP5g8OXZC12Fgg1IwNtLsyHDzJizORW4khDfjPqJZsemPWBB2uqykUah5YpQ6epsqC/w==",
      "dev": true
    },
    "esutils": {
      "version": "2.0.2",
      "resolved": "https://registry.npmjs.org/esutils/-/esutils-2.0.2.tgz",
      "integrity": "sha1-Cr9PHKpbyx96nYrMbepPqqBLrJs=",
      "dev": true
    },
    "filesize": {
      "version": "3.6.1",
      "resolved": "https://registry.npmjs.org/filesize/-/filesize-3.6.1.tgz",
      "integrity": "sha512-7KjR1vv6qnicaPMi1iiTcI85CyYwRO/PSFCu6SvqL8jN2Wjt/NIYQTFtFs7fSDCYOstUkEWIQGFUg5YZQfjlcg==",
      "dev": true
    },
    "globals": {
      "version": "11.12.0",
      "resolved": "https://registry.npmjs.org/globals/-/globals-11.12.0.tgz",
      "integrity": "sha512-WOBp/EEGUiIsJSp7wcv/y6MO+lV9UoncWqxuFfm8eBwzWNgyfBd6Gz+IeKQ9jCmyhoH99g15M3T+QaVHFjizVA==",
      "dev": true
    },
    "has-flag": {
      "version": "3.0.0",
      "resolved": "https://registry.npmjs.org/has-flag/-/has-flag-3.0.0.tgz",
      "integrity": "sha1-tdRU3CGZriJWmfNGfloH87lVuv0=",
      "dev": true
    },
    "inherits": {
      "version": "2.0.3",
      "resolved": "https://registry.npmjs.org/inherits/-/inherits-2.0.3.tgz",
      "integrity": "sha1-Yzwsg+PaQqUC9SRmAiSA9CCCYd4=",
      "dev": true
    },
    "is-module": {
      "version": "1.0.0",
      "resolved": "https://registry.npmjs.org/is-module/-/is-module-1.0.0.tgz",
      "integrity": "sha1-Mlj7afeMFNW4FdZkM2tM/7ZEFZE=",
      "dev": true
    },
    "is-wsl": {
      "version": "1.1.0",
      "resolved": "https://registry.npmjs.org/is-wsl/-/is-wsl-1.1.0.tgz",
      "integrity": "sha1-HxbkqiKwTRM2tmGIpmrzxgDDpm0=",
      "dev": true
    },
    "isarray": {
      "version": "1.0.0",
      "resolved": "https://registry.npmjs.org/isarray/-/isarray-1.0.0.tgz",
      "integrity": "sha1-u5NdSFgsuhaMBoNJV6VKPgcSTxE=",
      "dev": true
    },
    "jest-worker": {
      "version": "24.6.0",
      "resolved": "https://registry.npmjs.org/jest-worker/-/jest-worker-24.6.0.tgz",
      "integrity": "sha512-jDwgW5W9qGNvpI1tNnvajh0a5IE/PuGLFmHk6aR/BZFz8tSgGw17GsDPXAJ6p91IvYDjOw8GpFbvvZGAK+DPQQ==",
      "dev": true,
      "requires": {
        "merge-stream": "^1.0.1",
        "supports-color": "^6.1.0"
      },
      "dependencies": {
        "supports-color": {
          "version": "6.1.0",
          "resolved": "https://registry.npmjs.org/supports-color/-/supports-color-6.1.0.tgz",
          "integrity": "sha512-qe1jfm1Mg7Nq/NSh6XE24gPXROEVsWHxC1LIx//XNlD9iw7YZQGjZNjYN7xGaEG6iKdA8EtNFW6R0gjnVXp+wQ==",
          "dev": true,
          "requires": {
            "has-flag": "^3.0.0"
          }
        }
      }
    },
    "js-tokens": {
      "version": "4.0.0",
      "resolved": "https://registry.npmjs.org/js-tokens/-/js-tokens-4.0.0.tgz",
      "integrity": "sha512-RdJUflcE3cUzKiMqQgsCu06FPu9UdIJO0beYbPhHN4k6apgJtifcoCtT9bcxOpYBtpD2kCM6Sbzg4CausW/PKQ==",
      "dev": true
    },
    "jsesc": {
      "version": "2.5.2",
      "resolved": "https://registry.npmjs.org/jsesc/-/jsesc-2.5.2.tgz",
      "integrity": "sha512-OYu7XEzjkCQ3C5Ps3QIZsQfNpqoJyZZA99wd9aWd05NCtC5pWOkShK2mkL6HXQR6/Cy2lbNdPlZBpuQHXE63gA==",
      "dev": true
    },
    "list-map": {
      "version": "0.1.1",
      "resolved": "https://registry.npmjs.org/list-map/-/list-map-0.1.1.tgz",
      "integrity": "sha512-LVmi+BBSaX7JkLlqY7ujzavpOEwOnl1vQxKJEqmXqoPp9EJxB9mtEUgjbRrnKfqPfZ3Zvj/ZW4dCvabSWhLEgw==",
      "requires": {
        "@daybrush/utils": "^0.10.0"
      }
    },
    "lodash": {
      "version": "4.17.15",
      "resolved": "https://registry.npmjs.org/lodash/-/lodash-4.17.15.tgz",
      "integrity": "sha512-8xOcRHvCjnocdS5cpwXQXVzmmh5e5+saE2QGoeQmbKmRS6J3VQppPOIt0MnmE+4xlZoumy0GPG0D0MVIQbNA1A==",
      "dev": true
    },
    "magic-string": {
      "version": "0.25.2",
      "resolved": "https://registry.npmjs.org/magic-string/-/magic-string-0.25.2.tgz",
      "integrity": "sha512-iLs9mPjh9IuTtRsqqhNGYcZXGei0Nh/A4xirrsqW7c+QhKVFL2vm7U09ru6cHRD22azaP/wMDgI+HCqbETMTtg==",
      "dev": true,
      "requires": {
        "sourcemap-codec": "^1.4.4"
      }
    },
    "merge-stream": {
      "version": "1.0.1",
      "resolved": "https://registry.npmjs.org/merge-stream/-/merge-stream-1.0.1.tgz",
      "integrity": "sha1-QEEgLVCKNCugAXQAjfDCUbjBNeE=",
      "dev": true,
      "requires": {
        "readable-stream": "^2.0.1"
      }
    },
    "minimist": {
      "version": "0.0.8",
      "resolved": "https://registry.npmjs.org/minimist/-/minimist-0.0.8.tgz",
      "integrity": "sha1-hX/Kv8M5fSYluCKCYuhqp6ARsF0=",
      "dev": true
    },
    "mkdirp": {
      "version": "0.5.1",
      "resolved": "https://registry.npmjs.org/mkdirp/-/mkdirp-0.5.1.tgz",
      "integrity": "sha1-MAV0OOrGz3+MR2fzhkjWaX11yQM=",
      "dev": true,
      "requires": {
        "minimist": "0.0.8"
      }
    },
    "ms": {
      "version": "2.1.1",
      "resolved": "https://registry.npmjs.org/ms/-/ms-2.1.1.tgz",
      "integrity": "sha512-tgp+dl5cGk28utYktBsrFqA7HKgrhgPsg6Z/EfhWI4gl1Hwq8B/GmY/0oXZ6nF8hDVesS/FpnYaD/kOWhYQvyg==",
      "dev": true
    },
    "opn": {
      "version": "5.5.0",
      "resolved": "https://registry.npmjs.org/opn/-/opn-5.5.0.tgz",
      "integrity": "sha512-PqHpggC9bLV0VeWcdKhkpxY+3JTzetLSqTCWL/z/tFIbI6G8JCjondXklT1JinczLz2Xib62sSp0T/gKT4KksA==",
      "dev": true,
      "requires": {
        "is-wsl": "^1.1.0"
      }
    },
    "path-parse": {
      "version": "1.0.6",
      "resolved": "https://registry.npmjs.org/path-parse/-/path-parse-1.0.6.tgz",
      "integrity": "sha512-GSmOT2EbHrINBf9SR7CDELwlJ8AENk3Qn7OikK4nFYAu3Ote2+JYNVvkpAEQm3/TLNEJFD/xZJjzyxg3KBWOzw==",
      "dev": true
    },
    "preact": {
      "version": "8.4.2",
      "resolved": "https://registry.npmjs.org/preact/-/preact-8.4.2.tgz",
      "integrity": "sha512-TsINETWiisfB6RTk0wh3/mvxbGRvx+ljeBccZ4Z6MPFKgu/KFGyf2Bmw3Z/jlXhL5JlNKY6QAbA9PVyzIy9//A==",
      "dev": true
    },
    "print-sizes": {
      "version": "0.0.4",
      "resolved": "https://registry.npmjs.org/print-sizes/-/print-sizes-0.0.4.tgz",
      "integrity": "sha512-L6GdpB7v9hyxl4zOl/0zhTqlI0cGCIpOtPA/+nYD15Cpi3rRi/7AzjkrBIZS6VXoaphH5TI3dl9U34amY+h7Bg==",
      "dev": true,
      "requires": {
        "filesize": "^3.6.1"
      }
    },
    "process-nextick-args": {
      "version": "2.0.0",
      "resolved": "https://registry.npmjs.org/process-nextick-args/-/process-nextick-args-2.0.0.tgz",
      "integrity": "sha512-MtEC1TqN0EU5nephaJ4rAtThHtC86dNN9qCuEhtshvpVBkAW5ZO7BASN9REnF9eoXGcRub+pFuKEpOHE+HbEMw==",
      "dev": true
    },
    "prototype-minify": {
      "version": "1.0.5",
      "resolved": "https://registry.npmjs.org/prototype-minify/-/prototype-minify-1.0.5.tgz",
      "integrity": "sha512-Ftp1ZRixf3OxZlJ+OaP9Jfm7UWAXIwCTNLuUiqwQA/18hVanSv0rJ103ek/h8E/hcKtW9BRsLi9syAwzDIJkOg==",
      "dev": true,
      "requires": {
        "@babel/generator": "^7.1.2",
        "@babel/parser": "^7.1.2",
        "@babel/traverse": "^7.1.0",
        "@babel/types": "^7.1.2"
      }
    },
    "readable-stream": {
      "version": "2.3.6",
      "resolved": "https://registry.npmjs.org/readable-stream/-/readable-stream-2.3.6.tgz",
      "integrity": "sha512-tQtKA9WIAhBF3+VLAseyMqZeBjW0AHJoxOtYqSUZNJxauErmLbVm2FW1y+J/YA9dUrAC39ITejlZWhVIwawkKw==",
      "dev": true,
      "requires": {
        "core-util-is": "~1.0.0",
        "inherits": "~2.0.3",
        "isarray": "~1.0.0",
        "process-nextick-args": "~2.0.0",
        "safe-buffer": "~5.1.1",
        "string_decoder": "~1.1.1",
        "util-deprecate": "~1.0.1"
      }
    },
    "resolve": {
      "version": "1.11.0",
      "resolved": "https://registry.npmjs.org/resolve/-/resolve-1.11.0.tgz",
      "integrity": "sha512-WL2pBDjqT6pGUNSUzMw00o4T7If+z4H2x3Gz893WoUQ5KW8Vr9txp00ykiP16VBaZF5+j/OcXJHZ9+PCvdiDKw==",
      "dev": true,
      "requires": {
        "path-parse": "^1.0.6"
      }
    },
    "rollup": {
      "version": "1.13.1",
      "resolved": "https://registry.npmjs.org/rollup/-/rollup-1.13.1.tgz",
      "integrity": "sha512-TWBmVU5WS4wOy5Ij2qxrJYRUn/keECvStcXDpJSwgr95JZ6VFf1PDewiAk4VPf5vxr7drRJlxh9kYpxHveYOOg==",
      "dev": true,
      "requires": {
        "@types/estree": "0.0.39",
        "@types/node": "^12.0.3",
        "acorn": "^6.1.1"
      }
    },
    "rollup-plugin-commonjs": {
      "version": "9.3.4",
      "resolved": "https://registry.npmjs.org/rollup-plugin-commonjs/-/rollup-plugin-commonjs-9.3.4.tgz",
      "integrity": "sha512-DTZOvRoiVIHHLFBCL4pFxOaJt8pagxsVldEXBOn6wl3/V21wVaj17HFfyzTsQUuou3sZL3lEJZVWKPFblJfI6w==",
      "dev": true,
      "requires": {
        "estree-walker": "^0.6.0",
        "magic-string": "^0.25.2",
        "resolve": "^1.10.0",
        "rollup-pluginutils": "^2.6.0"
      }
    },
    "rollup-plugin-node-resolve": {
      "version": "4.2.4",
      "resolved": "https://registry.npmjs.org/rollup-plugin-node-resolve/-/rollup-plugin-node-resolve-4.2.4.tgz",
      "integrity": "sha512-t/64I6l7fZ9BxqD3XlX4ZeO6+5RLKyfpwE2CiPNUKa+GocPlQhf/C208ou8y3AwtNsc6bjSk/8/6y/YAyxCIvw==",
      "dev": true,
      "requires": {
        "@types/resolve": "0.0.8",
        "builtin-modules": "^3.1.0",
        "is-module": "^1.0.0",
        "resolve": "^1.10.0"
      }
    },
    "rollup-plugin-prototype-minify": {
      "version": "1.0.5",
      "resolved": "https://registry.npmjs.org/rollup-plugin-prototype-minify/-/rollup-plugin-prototype-minify-1.0.5.tgz",
      "integrity": "sha512-3qeEFacOSjhoyByz53E7iBuK8roWrKVnWqHM1pOj600+0NX80/exxxH3QBY4Zj4YdMeGVk9SlA4lnNe13g2whQ==",
      "dev": true,
      "requires": {
        "prototype-minify": "^1.0.0"
      }
    },
    "rollup-plugin-replace": {
      "version": "2.2.0",
      "resolved": "https://registry.npmjs.org/rollup-plugin-replace/-/rollup-plugin-replace-2.2.0.tgz",
      "integrity": "sha512-/5bxtUPkDHyBJAKketb4NfaeZjL5yLZdeUihSfbF2PQMz+rSTEb8ARKoOl3UBT4m7/X+QOXJo3sLTcq+yMMYTA==",
      "dev": true,
      "requires": {
        "magic-string": "^0.25.2",
        "rollup-pluginutils": "^2.6.0"
      }
    },
    "rollup-plugin-typescript": {
      "version": "1.0.1",
      "resolved": "https://registry.npmjs.org/rollup-plugin-typescript/-/rollup-plugin-typescript-1.0.1.tgz",
      "integrity": "sha512-rwJDNn9jv/NsKZuyBb/h0jsclP4CJ58qbvZt2Q9zDIGILF2LtdtvCqMOL+Gq9IVq5MTrTlHZNrn8h7VjQgd8tw==",
      "dev": true,
      "requires": {
        "resolve": "^1.10.0",
        "rollup-pluginutils": "^2.5.0"
      }
    },
    "rollup-plugin-uglify": {
      "version": "6.0.2",
      "resolved": "https://registry.npmjs.org/rollup-plugin-uglify/-/rollup-plugin-uglify-6.0.2.tgz",
      "integrity": "sha512-qwz2Tryspn5QGtPUowq5oumKSxANKdrnfz7C0jm4lKxvRDsNe/hSGsB9FntUul7UeC4TsZEWKErVgE1qWSO0gw==",
      "dev": true,
      "requires": {
        "@babel/code-frame": "^7.0.0",
        "jest-worker": "^24.0.0",
        "serialize-javascript": "^1.6.1",
        "uglify-js": "^3.4.9"
      }
    },
    "rollup-plugin-visualizer": {
      "version": "1.1.1",
      "resolved": "https://registry.npmjs.org/rollup-plugin-visualizer/-/rollup-plugin-visualizer-1.1.1.tgz",
      "integrity": "sha512-7xkSKp+dyJmSC7jg2LXqViaHuOnF1VvIFCnsZEKjrgT5ZVyiLLSbeszxFcQSfNJILphqgAEmWAUz0Z4xYScrRw==",
      "dev": true,
      "requires": {
        "mkdirp": "^0.5.1",
        "opn": "^5.4.0",
        "source-map": "^0.7.3",
        "typeface-oswald": "0.0.54"
      },
      "dependencies": {
        "source-map": {
          "version": "0.7.3",
          "resolved": "https://registry.npmjs.org/source-map/-/source-map-0.7.3.tgz",
          "integrity": "sha512-CkCj6giN3S+n9qrYiBTX5gystlENnRW5jZeNLHpe6aue+SrHcG5VYwujhW9s4dY31mEGsxBDrHR6oI69fTXsaQ==",
          "dev": true
        }
      }
    },
    "rollup-pluginutils": {
      "version": "2.8.0",
      "resolved": "https://registry.npmjs.org/rollup-pluginutils/-/rollup-pluginutils-2.8.0.tgz",
      "integrity": "sha512-8TomM64VQH6w+13lemFHX5sZYxLCxHhf9gzdRUEFNXH3Z+0CDYy7Grzqa6YUbZc0GIrfbWoD5GXZ3o5Teqh9ew==",
      "dev": true,
      "requires": {
        "estree-walker": "^0.6.1"
      }
    },
    "safe-buffer": {
      "version": "5.1.2",
      "resolved": "https://registry.npmjs.org/safe-buffer/-/safe-buffer-5.1.2.tgz",
      "integrity": "sha512-Gd2UZBJDkXlY7GbJxfsE8/nvKkUEU1G38c1siN6QP6a9PT9MmHB8GnpscSmMJSoF8LOIrt8ud/wPtojys4G6+g==",
      "dev": true
    },
    "scenejs": {
      "version": "1.0.1",
      "resolved": "https://registry.npmjs.org/scenejs/-/scenejs-1.0.1.tgz",
      "integrity": "sha512-cXcov8dwBi31gHd/ZROyg5gxVC6r3m59N0kznTnwpNeh0VEtJuhpXmKZzxITFwQtlARfEZP4i1ExorhQ2VXaqw==",
      "requires": {
        "@daybrush/utils": "^0.10.0",
        "list-map": "^0.1.1"
      }
    },
    "serialize-javascript": {
      "version": "1.7.0",
      "resolved": "https://registry.npmjs.org/serialize-javascript/-/serialize-javascript-1.7.0.tgz",
      "integrity": "sha512-ke8UG8ulpFOxO8f8gRYabHQe/ZntKlcig2Mp+8+URDP1D8vJZ0KUt7LYo07q25Z/+JVSgpr/cui9PIp5H6/+nA==",
      "dev": true
    },
    "source-map": {
      "version": "0.5.7",
      "resolved": "https://registry.npmjs.org/source-map/-/source-map-0.5.7.tgz",
      "integrity": "sha1-igOdLRAh0i0eoUyA2OpGi6LvP8w=",
      "dev": true
    },
    "sourcemap-codec": {
      "version": "1.4.4",
      "resolved": "https://registry.npmjs.org/sourcemap-codec/-/sourcemap-codec-1.4.4.tgz",
      "integrity": "sha512-CYAPYdBu34781kLHkaW3m6b/uUSyMOC2R61gcYMWooeuaGtjof86ZA/8T+qVPPt7np1085CR9hmMGrySwEc8Xg==",
      "dev": true
    },
    "string_decoder": {
      "version": "1.1.1",
      "resolved": "https://registry.npmjs.org/string_decoder/-/string_decoder-1.1.1.tgz",
      "integrity": "sha512-n/ShnvDi6FHbbVfviro+WojiFzv+s8MPMHBczVePfUpDJLwoLT0ht1l4YwBCbi8pJAveEEdnkHyPyTP/mzRfwg==",
      "dev": true,
      "requires": {
        "safe-buffer": "~5.1.0"
      }
    },
    "supports-color": {
      "version": "5.5.0",
      "resolved": "https://registry.npmjs.org/supports-color/-/supports-color-5.5.0.tgz",
      "integrity": "sha512-QjVjwdXIt408MIiAqCX4oUKsgU2EqAGzs2Ppkm4aQYbjm+ZEWEcW4SfFNTr4uMNZma0ey4f5lgLrkB0aX0QMow==",
      "dev": true,
      "requires": {
        "has-flag": "^3.0.0"
      }
    },
    "to-fast-properties": {
      "version": "2.0.0",
      "resolved": "https://registry.npmjs.org/to-fast-properties/-/to-fast-properties-2.0.0.tgz",
      "integrity": "sha1-3F5pjL0HkmW8c+A3doGk5Og/YW4=",
      "dev": true
    },
    "trim-right": {
      "version": "1.0.1",
      "resolved": "https://registry.npmjs.org/trim-right/-/trim-right-1.0.1.tgz",
      "integrity": "sha1-yy4SAwZ+DI3h9hQJS5/kVwTqYAM=",
      "dev": true
    },
    "typeface-oswald": {
      "version": "0.0.54",
      "resolved": "https://registry.npmjs.org/typeface-oswald/-/typeface-oswald-0.0.54.tgz",
      "integrity": "sha512-U1WMNp4qfy4/3khIfHMVAIKnNu941MXUfs3+H9R8PFgnoz42Hh9pboSFztWr86zut0eXC8byalmVhfkiKON/8Q==",
      "dev": true
    },
    "typescript": {
      "version": "3.5.1",
      "resolved": "https://registry.npmjs.org/typescript/-/typescript-3.5.1.tgz",
      "integrity": "sha512-64HkdiRv1yYZsSe4xC1WVgamNigVYjlssIoaH2HcZF0+ijsk5YK2g0G34w9wJkze8+5ow4STd22AynfO6ZYYLw==",
      "dev": true
    },
    "uglify-js": {
      "version": "3.6.0",
      "resolved": "https://registry.npmjs.org/uglify-js/-/uglify-js-3.6.0.tgz",
      "integrity": "sha512-W+jrUHJr3DXKhrsS7NUVxn3zqMOFn0hL/Ei6v0anCIMoKC93TjcflTagwIHLW7SfMFfiQuktQyFVCFHGUE0+yg==",
      "dev": true,
      "requires": {
        "commander": "~2.20.0",
        "source-map": "~0.6.1"
      },
      "dependencies": {
        "source-map": {
          "version": "0.6.1",
          "resolved": "https://registry.npmjs.org/source-map/-/source-map-0.6.1.tgz",
          "integrity": "sha512-UjgapumWlbMhkBgzT7Ykc5YXUT46F0iKu8SGXq0bcwP5dz/h0Plj6enJqjz1Zbq2l5WaqYnrVbwWOWMyF3F47g==",
          "dev": true
        }
      }
    },
    "util-deprecate": {
      "version": "1.0.2",
      "resolved": "https://registry.npmjs.org/util-deprecate/-/util-deprecate-1.0.2.tgz",
      "integrity": "sha1-RQ1Nyfpw3nMnYvvS1KKJgUGaDM8=",
      "dev": true
    }
  }
}
