{
  "name": "ngx-scenejs",
  "version": "0.0.1",
  "lockfileVersion": 1,
  "requires": true,
  "dependencies": {
    "@daybrush/utils": {
      "version": "0.10.1",
      "resolved": "https://registry.npmjs.org/@daybrush/utils/-/utils-0.10.1.tgz",
      "integrity": "sha512-pKnlI3C+u/qgkhypQQT9G7YwEmBp+6XD5ZHzVCKtA0avuku//KGdLoIT6QL78aXI7ZPlJwY31t24+6xkxqdoJg=="
    },
    "list-map": {
      "version": "0.1.1",
      "resolved": "https://registry.npmjs.org/list-map/-/list-map-0.1.1.tgz",
      "integrity": "sha512-LVmi+BBSaX7JkLlqY7ujzavpOEwOnl1vQxKJEqmXqoPp9EJxB9mtEUgjbRrnKfqPfZ3Zvj/ZW4dCvabSWhLEgw==",
      "requires": {
        "@daybrush/utils": "^0.10.0"
      }
    },
    "scenejs": {
      "version": "1.1.4",
      "resolved": "https://registry.npmjs.org/scenejs/-/scenejs-1.1.4.tgz",
      "integrity": "sha512-xhwPBPqbXYm3C0g26C09VPkaIOM1aZzPWSDPFAFsjXXbxr1k43Kf7MEcmAlbsg1WiB0REQuRQn0X+6b4SIf2jQ==",
      "requires": {
        "@daybrush/utils": "^0.10.0",
        "list-map": "^0.1.1"
      }
    }
  }
}
